// !$*UTF8*$!
{
	archiveVersion = 1;
	classes = {
	};
	objectVersion = 56;
	objects = {

/* Begin PBXBuildFile section */
		F5EDBD0C2CAE8F6E0019DE02 /* iOSAppApp.swift in Sources */ = {isa = PBXBuildFile; fileRef = F5EDBD0B2CAE8F6E0019DE02 /* iOSAppApp.swift */; };
		F5EDBD0E2CAE8F6E0019DE02 /* ContentView.swift in Sources */ = {isa = PBXBuildFile; fileRef = F5EDBD0D2CAE8F6E0019DE02 /* ContentView.swift */; };
		F5EDBD102CAE8F710019DE02 /* Assets.xcassets in Resources */ = {isa = PBXBuildFile; fileRef = F5EDBD0F2CAE8F710019DE02 /* Assets.xcassets */; };
		F5EDBD132CAE8F710019DE02 /* Preview Assets.xcassets in Resources */ = {isa = PBXBuildFile; fileRef = F5EDBD122CAE8F710019DE02 /* Preview Assets.xcassets */; };
		F5EDBD1C2CAEB3830019DE02 /* Game.swift in Sources */ = {isa = PBXBuildFile; fileRef = F5EDBD1B2CAEB3830019DE02 /* Game.swift */; };
		F5EDBD202CAEB64D0019DE02 /* RoundedImageView.swift in Sources */ = {isa = PBXBuildFile; fileRef = F5EDBD1F2CAEB64D0019DE02 /* RoundedImageView.swift */; };
		F5EDBD222CAEB8D70019DE02 /* BackgroundView.swift in Sources */ = {isa = PBXBuildFile; fileRef = F5EDBD212CAEB8D70019DE02 /* BackgroundView.swift */; };
		F5EDBD242CAEB9420019DE02 /* NumberView.swift in Sources */ = {isa = PBXBuildFile; fileRef = F5EDBD232CAEB9420019DE02 /* NumberView.swift */; };
		F5EDBD282CAEC2720019DE02 /* MarksView.swift in Sources */ = {isa = PBXBuildFile; fileRef = F5EDBD272CAEC2720019DE02 /* MarksView.swift */; };
		F5EDBD2A2CAECC9E0019DE02 /* Mark.swift in Sources */ = {isa = PBXBuildFile; fileRef = F5EDBD292CAECC9E0019DE02 /* Mark.swift */; };
		F5EDBD2C2CAECEEA0019DE02 /* GameStore.swift in Sources */ = {isa = PBXBuildFile; fileRef = F5EDBD2B2CAECEEA0019DE02 /* GameStore.swift */; };
/* End PBXBuildFile section */

/* Begin PBXFileReference section */
		F5EDBD082CAE8F6E0019DE02 /* iOSApp.app */ = {isa = PBXFileReference; explicitFileType = wrapper.application; includeInIndex = 0; path = iOSApp.app; sourceTree = BUILT_PRODUCTS_DIR; };
		F5EDBD0B2CAE8F6E0019DE02 /* iOSAppApp.swift */ = {isa = PBXFileReference; lastKnownFileType = sourcecode.swift; path = iOSAppApp.swift; sourceTree = "<group>"; };
		F5EDBD0D2CAE8F6E0019DE02 /* ContentView.swift */ = {isa = PBXFileReference; lastKnownFileType = sourcecode.swift; path = ContentView.swift; sourceTree = "<group>"; };
		F5EDBD0F2CAE8F710019DE02 /* Assets.xcassets */ = {isa = PBXFileReference; lastKnownFileType = folder.assetcatalog; path = Assets.xcassets; sourceTree = "<group>"; };
		F5EDBD122CAE8F710019DE02 /* Preview Assets.xcassets */ = {isa = PBXFileReference; lastKnownFileType = folder.assetcatalog; path = "Preview Assets.xcassets"; sourceTree = "<group>"; };
		F5EDBD1B2CAEB3830019DE02 /* Game.swift */ = {isa = PBXFileReference; lastKnownFileType = sourcecode.swift; path = Game.swift; sourceTree = "<group>"; };
		F5EDBD1F2CAEB64D0019DE02 /* RoundedImageView.swift */ = {isa = PBXFileReference; lastKnownFileType = sourcecode.swift; path = RoundedImageView.swift; sourceTree = "<group>"; };
		F5EDBD212CAEB8D70019DE02 /* BackgroundView.swift */ = {isa = PBXFileReference; lastKnownFileType = sourcecode.swift; path = BackgroundView.swift; sourceTree = "<group>"; };
		F5EDBD232CAEB9420019DE02 /* NumberView.swift */ = {isa = PBXFileReference; lastKnownFileType = sourcecode.swift; path = NumberView.swift; sourceTree = "<group>"; };
		F5EDBD272CAEC2720019DE02 /* MarksView.swift */ = {isa = PBXFileReference; lastKnownFileType = sourcecode.swift; path = MarksView.swift; sourceTree = "<group>"; };
		F5EDBD292CAECC9E0019DE02 /* Mark.swift */ = {isa = PBXFileReference; lastKnownFileType = sourcecode.swift; path = Mark.swift; sourceTree = "<group>"; };
		F5EDBD2B2CAECEEA0019DE02 /* GameStore.swift */ = {isa = PBXFileReference; lastKnownFileType = sourcecode.swift; path = GameStore.swift; sourceTree = "<group>"; };
/* End PBXFileReference section */

/* Begin PBXFrameworksBuildPhase section */
		F5EDBD052CAE8F6E0019DE02 /* Frameworks */ = {
			isa = PBXFrameworksBuildPhase;
			buildActionMask = 2147483647;
			files = (
			);
			runOnlyForDeploymentPostprocessing = 0;
		};
/* End PBXFrameworksBuildPhase section */

/* Begin PBXGroup section */
		F5EDBCFF2CAE8F6E0019DE02 = {
			isa = PBXGroup;
			children = (
				F5EDBD0A2CAE8F6E0019DE02 /* iOSApp */,
				F5EDBD092CAE8F6E0019DE02 /* Products */,
			);
			sourceTree = "<group>";
		};
		F5EDBD092CAE8F6E0019DE02 /* Products */ = {
			isa = PBXGroup;
			children = (
				F5EDBD082CAE8F6E0019DE02 /* iOSApp.app */,
			);
			name = Products;
			sourceTree = "<group>";
		};
		F5EDBD0A2CAE8F6E0019DE02 /* iOSApp */ = {
			isa = PBXGroup;
			children = (
				F5EDBD0B2CAE8F6E0019DE02 /* iOSAppApp.swift */,
				F5EDBD262CAEBD120019DE02 /* Model */,
				F5EDBD252CAEBD090019DE02 /* Views */,
				F5EDBD0F2CAE8F710019DE02 /* Assets.xcassets */,
				F5EDBD112CAE8F710019DE02 /* Preview Content */,
				F5EDBD2B2CAECEEA0019DE02 /* GameStore.swift */,
			);
			path = iOSApp;
			sourceTree = "<group>";
		};
		F5EDBD112CAE8F710019DE02 /* Preview Content */ = {
			isa = PBXGroup;
			children = (
				F5EDBD122CAE8F710019DE02 /* Preview Assets.xcassets */,
			);
			path = "Preview Content";
			sourceTree = "<group>";
		};
		F5EDBD252CAEBD090019DE02 /* Views */ = {
			isa = PBXGroup;
			children = (
				F5EDBD0D2CAE8F6E0019DE02 /* ContentView.swift */,
				F5EDBD1F2CAEB64D0019DE02 /* RoundedImageView.swift */,
				F5EDBD212CAEB8D70019DE02 /* BackgroundView.swift */,
				F5EDBD232CAEB9420019DE02 /* NumberView.swift */,
				F5EDBD272CAEC2720019DE02 /* MarksView.swift */,
			);
			path = Views;
			sourceTree = "<group>";
		};
		F5EDBD262CAEBD120019DE02 /* Model */ = {
			isa = PBXGroup;
			children = (
				F5EDBD1B2CAEB3830019DE02 /* Game.swift */,
				F5EDBD292CAECC9E0019DE02 /* Mark.swift */,
			);
			path = Model;
			sourceTree = "<group>";
		};
/* End PBXGroup section */

/* Begin PBXNativeTarget section */
		F5EDBD072CAE8F6E0019DE02 /* iOSApp */ = {
			isa = PBXNativeTarget;
			buildConfigurationList = F5EDBD162CAE8F710019DE02 /* Build configuration list for PBXNativeTarget "iOSApp" */;
			buildPhases = (
				F5EDBD042CAE8F6E0019DE02 /* Sources */,
				F5EDBD052CAE8F6E0019DE02 /* Frameworks */,
				F5EDBD062CAE8F6E0019DE02 /* Resources */,
			);
			buildRules = (
			);
			dependencies = (
			);
			name = iOSApp;
			productName = iOSApp;
			productReference = F5EDBD082CAE8F6E0019DE02 /* iOSApp.app */;
			productType = "com.apple.product-type.application";
		};
/* End PBXNativeTarget section */

/* Begin PBXProject section */
		F5EDBD002CAE8F6E0019DE02 /* Project object */ = {
			isa = PBXProject;
			attributes = {
				BuildIndependentTargetsInParallel = 1;
				LastSwiftUpdateCheck = 1540;
				LastUpgradeCheck = 1540;
				TargetAttributes = {
					F5EDBD072CAE8F6E0019DE02 = {
						CreatedOnToolsVersion = 15.4;
					};
				};
			};
			buildConfigurationList = F5EDBD032CAE8F6E0019DE02 /* Build configuration list for PBXProject "iOSApp" */;
			compatibilityVersion = "Xcode 14.0";
			developmentRegion = en;
			hasScannedForEncodings = 0;
			knownRegions = (
				en,
				Base,
			);
			mainGroup = F5EDBCFF2CAE8F6E0019DE02;
			productRefGroup = F5EDBD092CAE8F6E0019DE02 /* Products */;
			projectDirPath = "";
			projectRoot = "";
			targets = (
				F5EDBD072CAE8F6E0019DE02 /* iOSApp */,
			);
		};
/* End PBXProject section */

/* Begin PBXResourcesBuildPhase section */
		F5EDBD062CAE8F6E0019DE02 /* Resources */ = {
			isa = PBXResourcesBuildPhase;
			buildActionMask = 2147483647;
			files = (
				F5EDBD132CAE8F710019DE02 /* Preview Assets.xcassets in Resources */,
				F5EDBD102CAE8F710019DE02 /* Assets.xcassets in Resources */,
			);
			runOnlyForDeploymentPostprocessing = 0;
		};
/* End PBXResourcesBuildPhase section */

/* Begin PBXSourcesBuildPhase section */
		F5EDBD042CAE8F6E0019DE02 /* Sources */ = {
			isa = PBXSourcesBuildPhase;
			buildActionMask = 2147483647;
			files = (
				F5EDBD2A2CAECC9E0019DE02 /* Mark.swift in Sources */,
				F5EDBD2C2CAECEEA0019DE02 /* GameStore.swift in Sources */,
				F5EDBD222CAEB8D70019DE02 /* BackgroundView.swift in Sources */,
				F5EDBD202CAEB64D0019DE02 /* RoundedImageView.swift in Sources */,
				F5EDBD282CAEC2720019DE02 /* MarksView.swift in Sources */,
				F5EDBD0E2CAE8F6E0019DE02 /* ContentView.swift in Sources */,
				F5EDBD1C2CAEB3830019DE02 /* Game.swift in Sources */,
				F5EDBD0C2CAE8F6E0019DE02 /* iOSAppApp.swift in Sources */,
				F5EDBD242CAEB9420019DE02 /* NumberView.swift in Sources */,
			);
			runOnlyForDeploymentPostprocessing = 0;
		};
/* End PBXSourcesBuildPhase section */

/* Begin XCBuildConfiguration section */
		F5EDBD142CAE8F710019DE02 /* Debug */ = {
			isa = XCBuildConfiguration;
			buildSettings = {
				ALWAYS_SEARCH_USER_PATHS = NO;
				ASSETCATALOG_COMPILER_GENERATE_SWIFT_ASSET_SYMBOL_EXTENSIONS = YES;
				CLANG_ANALYZER_NONNULL = YES;
				CLANG_ANALYZER_NUMBER_OBJECT_CONVERSION = YES_AGGRESSIVE;
				CLANG_CXX_LANGUAGE_STANDARD = "gnu++20";
				CLANG_ENABLE_MODULES = YES;
				CLANG_ENABLE_OBJC_ARC = YES;
				CLANG_ENABLE_OBJC_WEAK = YES;
				CLANG_WARN_BLOCK_CAPTURE_AUTORELEASING = YES;
				CLANG_WARN_BOOL_CONVERSION = YES;
				CLANG_WARN_COMMA = YES;
				CLANG_WARN_CONSTANT_CONVERSION = YES;
				CLANG_WARN_DEPRECATED_OBJC_IMPLEMENTATIONS = YES;
				CLANG_WARN_DIRECT_OBJC_ISA_USAGE = YES_ERROR;
				CLANG_WARN_DOCUMENTATION_COMMENTS = YES;
				CLANG_WARN_EMPTY_BODY = YES;
				CLANG_WARN_ENUM_CONVERSION = YES;
				CLANG_WARN_INFINITE_RECURSION = YES;
				CLANG_WARN_INT_CONVERSION = YES;
				CLANG_WARN_NON_LITERAL_NULL_CONVERSION = YES;
				CLANG_WARN_OBJC_IMPLICIT_RETAIN_SELF = YES;
				CLANG_WARN_OBJC_LITERAL_CONVERSION = YES;
				CLANG_WARN_OBJC_ROOT_CLASS = YES_ERROR;
				CLANG_WARN_QUOTED_INCLUDE_IN_FRAMEWORK_HEADER = YES;
				CLANG_WARN_RANGE_LOOP_ANALYSIS = YES;
				CLANG_WARN_STRICT_PROTOTYPES = YES;
				CLANG_WARN_SUSPICIOUS_MOVE = YES;
				CLANG_WARN_UNGUARDED_AVAILABILITY = YES_AGGRESSIVE;
				CLANG_WARN_UNREACHABLE_CODE = YES;
				CLANG_WARN__DUPLICATE_METHOD_MATCH = YES;
				COPY_PHASE_STRIP = NO;
				DEBUG_INFORMATION_FORMAT = dwarf;
				ENABLE_STRICT_OBJC_MSGSEND = YES;
				ENABLE_TESTABILITY = YES;
				ENABLE_USER_SCRIPT_SANDBOXING = YES;
				GCC_C_LANGUAGE_STANDARD = gnu17;
				GCC_DYNAMIC_NO_PIC = NO;
				GCC_NO_COMMON_BLOCKS = YES;
				GCC_OPTIMIZATION_LEVEL = 0;
				GCC_PREPROCESSOR_DEFINITIONS = (
					"DEBUG=1",
					"$(inherited)",
				);
				GCC_WARN_64_TO_32_BIT_CONVERSION = YES;
				GCC_WARN_ABOUT_RETURN_TYPE = YES_ERROR;
				GCC_WARN_UNDECLARED_SELECTOR = YES;
				GCC_WARN_UNINITIALIZED_AUTOS = YES_AGGRESSIVE;
				GCC_WARN_UNUSED_FUNCTION = YES;
				GCC_WARN_UNUSED_VARIABLE = YES;
				IPHONEOS_DEPLOYMENT_TARGET = 17.5;
				LOCALIZATION_PREFERS_STRING_CATALOGS = YES;
				MTL_ENABLE_DEBUG_INFO = INCLUDE_SOURCE;
				MTL_FAST_MATH = YES;
				ONLY_ACTIVE_ARCH = YES;
				SDKROOT = iphoneos;
				SWIFT_ACTIVE_COMPILATION_CONDITIONS = "DEBUG $(inherited)";
				SWIFT_OPTIMIZATION_LEVEL = "-Onone";
			};
			name = Debug;
		};
		F5EDBD152CAE8F710019DE02 /* Release */ = {
			isa = XCBuildConfiguration;
			buildSettings = {
				ALWAYS_SEARCH_USER_PATHS = NO;
				ASSETCATALOG_COMPILER_GENERATE_SWIFT_ASSET_SYMBOL_EXTENSIONS = YES;
				CLANG_ANALYZER_NONNULL = YES;
				CLANG_ANALYZER_NUMBER_OBJECT_CONVERSION = YES_AGGRESSIVE;
				CLANG_CXX_LANGUAGE_STANDARD = "gnu++20";
				CLANG_ENABLE_MODULES = YES;
				CLANG_ENABLE_OBJC_ARC = YES;
				CLANG_ENABLE_OBJC_WEAK = YES;
				CLANG_WARN_BLOCK_CAPTURE_AUTORELEASING = YES;
				CLANG_WARN_BOOL_CONVERSION = YES;
				CLANG_WARN_COMMA = YES;
				CLANG_WARN_CONSTANT_CONVERSION = YES;
				CLANG_WARN_DEPRECATED_OBJC_IMPLEMENTATIONS = YES;
				CLANG_WARN_DIRECT_OBJC_ISA_USAGE = YES_ERROR;
				CLANG_WARN_DOCUMENTATION_COMMENTS = YES;
				CLANG_WARN_EMPTY_BODY = YES;
				CLANG_WARN_ENUM_CONVERSION = YES;
				CLANG_WARN_INFINITE_RECURSION = YES;
				CLANG_WARN_INT_CONVERSION = YES;
				CLANG_WARN_NON_LITERAL_NULL_CONVERSION = YES;
				CLANG_WARN_OBJC_IMPLICIT_RETAIN_SELF = YES;
				CLANG_WARN_OBJC_LITERAL_CONVERSION = YES;
				CLANG_WARN_OBJC_ROOT_CLASS = YES_ERROR;
				CLANG_WARN_QUOTED_INCLUDE_IN_FRAMEWORK_HEADER = YES;
				CLANG_WARN_RANGE_LOOP_ANALYSIS = YES;
				CLANG_WARN_STRICT_PROTOTYPES = YES;
				CLANG_WARN_SUSPICIOUS_MOVE = YES;
				CLANG_WARN_UNGUARDED_AVAILABILITY = YES_AGGRESSIVE;
				CLANG_WARN_UNREACHABLE_CODE = YES;
				CLANG_WARN__DUPLICATE_METHOD_MATCH = YES;
				COPY_PHASE_STRIP = NO;
				DEBUG_INFORMATION_FORMAT = "dwarf-with-dsym";
				ENABLE_NS_ASSERTIONS = NO;
				ENABLE_STRICT_OBJC_MSGSEND = YES;
				ENABLE_USER_SCRIPT_SANDBOXING = YES;
				GCC_C_LANGUAGE_STANDARD = gnu17;
				GCC_NO_COMMON_BLOCKS = YES;
				GCC_WARN_64_TO_32_BIT_CONVERSION = YES;
				GCC_WARN_ABOUT_RETURN_TYPE = YES_ERROR;
				GCC_WARN_UNDECLARED_SELECTOR = YES;
				GCC_WARN_UNINITIALIZED_AUTOS = YES_AGGRESSIVE;
				GCC_WARN_UNUSED_FUNCTION = YES;
				GCC_WARN_UNUSED_VARIABLE = YES;
				IPHONEOS_DEPLOYMENT_TARGET = 17.5;
				LOCALIZATION_PREFERS_STRING_CATALOGS = YES;
				MTL_ENABLE_DEBUG_INFO = NO;
				MTL_FAST_MATH = YES;
				SDKROOT = iphoneos;
				SWIFT_COMPILATION_MODE = wholemodule;
				VALIDATE_PRODUCT = YES;
			};
			name = Release;
		};
		F5EDBD172CAE8F710019DE02 /* Debug */ = {
			isa = XCBuildConfiguration;
			buildSettings = {
				ASSETCATALOG_COMPILER_APPICON_NAME = AppIcon;
				ASSETCATALOG_COMPILER_GLOBAL_ACCENT_COLOR_NAME = AccentColor;
				CODE_SIGN_STYLE = Automatic;
				CURRENT_PROJECT_VERSION = 1;
				DEVELOPMENT_ASSET_PATHS = "\"iOSApp/Preview Content\"";
				ENABLE_PREVIEWS = YES;
				GENERATE_INFOPLIST_FILE = YES;
				INFOPLIST_KEY_CFBundleDisplayName = Guess;
				INFOPLIST_KEY_UIApplicationSceneManifest_Generation = YES;
				INFOPLIST_KEY_UIApplicationSupportsIndirectInputEvents = YES;
				INFOPLIST_KEY_UILaunchScreen_Generation = YES;
				INFOPLIST_KEY_UILaunchStoryboardName = "Launch Screen.storyboard";
				INFOPLIST_KEY_UISupportedInterfaceOrientations_iPad = "UIInterfaceOrientationPortrait UIInterfaceOrientationPortraitUpsideDown UIInterfaceOrientationLandscapeLeft UIInterfaceOrientationLandscapeRight";
				INFOPLIST_KEY_UISupportedInterfaceOrientations_iPhone = "UIInterfaceOrientationPortrait UIInterfaceOrientationLandscapeLeft UIInterfaceOrientationLandscapeRight";
				LD_RUNPATH_SEARCH_PATHS = (
					"$(inherited)",
					"@executable_path/Frameworks",
				);
				MARKETING_VERSION = 1.0;
				PRODUCT_BUNDLE_IDENTIFIER = lasalle.iOSApp;
				PRODUCT_NAME = "$(TARGET_NAME)";
				SWIFT_EMIT_LOC_STRINGS = YES;
				SWIFT_VERSION = 5.0;
				TARGETED_DEVICE_FAMILY = "1,2";
			};
			name = Debug;
		};
		F5EDBD182CAE8F710019DE02 /* Release */ = {
			isa = XCBuildConfiguration;
			buildSettings = {
				ASSETCATALOG_COMPILER_APPICON_NAME = AppIcon;
				ASSETCATALOG_COMPILER_GLOBAL_ACCENT_COLOR_NAME = AccentColor;
				CODE_SIGN_STYLE = Automatic;
				CURRENT_PROJECT_VERSION = 1;
				DEVELOPMENT_ASSET_PATHS = "\"iOSApp/Preview Content\"";
				ENABLE_PREVIEWS = YES;
				GENERATE_INFOPLIST_FILE = YES;
				INFOPLIST_KEY_CFBundleDisplayName = Guess;
				INFOPLIST_KEY_UIApplicationSceneManifest_Generation = YES;
				INFOPLIST_KEY_UIApplicationSupportsIndirectInputEvents = YES;
				INFOPLIST_KEY_UILaunchScreen_Generation = YES;
				INFOPLIST_KEY_UILaunchStoryboardName = "Launch Screen.storyboard";
				INFOPLIST_KEY_UISupportedInterfaceOrientations_iPad = "UIInterfaceOrientationPortrait UIInterfaceOrientationPortraitUpsideDown UIInterfaceOrientationLandscapeLeft UIInterfaceOrientationLandscapeRight";
				INFOPLIST_KEY_UISupportedInterfaceOrientations_iPhone = "UIInterfaceOrientationPortrait UIInterfaceOrientationLandscapeLeft UIInterfaceOrientationLandscapeRight";
				LD_RUNPATH_SEARCH_PATHS = (
					"$(inherited)",
					"@executable_path/Frameworks",
				);
				MARKETING_VERSION = 1.0;
				PRODUCT_BUNDLE_IDENTIFIER = lasalle.iOSApp;
				PRODUCT_NAME = "$(TARGET_NAME)";
				SWIFT_EMIT_LOC_STRINGS = YES;
				SWIFT_VERSION = 5.0;
				TARGETED_DEVICE_FAMILY = "1,2";
			};
			name = Release;
		};
/* End XCBuildConfiguration section */

/* Begin XCConfigurationList section */
		F5EDBD032CAE8F6E0019DE02 /* Build configuration list for PBXProject "iOSApp" */ = {
			isa = XCConfigurationList;
			buildConfigurations = (
				F5EDBD142CAE8F710019DE02 /* Debug */,
				F5EDBD152CAE8F710019DE02 /* Release */,
			);
			defaultConfigurationIsVisible = 0;
			defaultConfigurationName = Release;
		};
		F5EDBD162CAE8F710019DE02 /* Build configuration list for PBXNativeTarget "iOSApp" */ = {
			isa = XCConfigurationList;
			buildConfigurations = (
				F5EDBD172CAE8F710019DE02 /* Debug */,
				F5EDBD182CAE8F710019DE02 /* Release */,
			);
			defaultConfigurationIsVisible = 0;
			defaultConfigurationName = Release;
		};
/* End XCConfigurationList section */
	};
	rootObject = F5EDBD002CAE8F6E0019DE02 /* Project object */;
}
